// !$*UTF8*$!
{
	archiveVersion = 1;
	classes = {
	};
	objectVersion = 50;
	objects = {

/* Begin PBXBuildFile section */
		852E9D7A267E1EA000F0E945 /* HabitTrackerApp.swift in Sources */ = {isa = PBXBuildFile; fileRef = 852E9D79267E1EA000F0E945 /* HabitTrackerApp.swift */; };
		852E9D7C267E1EA000F0E945 /* ContentView.swift in Sources */ = {isa = PBXBuildFile; fileRef = 852E9D7B267E1EA000F0E945 /* ContentView.swift */; };
		852E9D7E267E1EA300F0E945 /* Assets.xcassets in Resources */ = {isa = PBXBuildFile; fileRef = 852E9D7D267E1EA300F0E945 /* Assets.xcassets */; };
		852E9D81267E1EA300F0E945 /* Preview Assets.xcassets in Resources */ = {isa = PBXBuildFile; fileRef = 852E9D80267E1EA300F0E945 /* Preview Assets.xcassets */; };
		852E9D8A267E231500F0E945 /* HabitModel.swift in Sources */ = {isa = PBXBuildFile; fileRef = 852E9D89267E231500F0E945 /* HabitModel.swift */; };
		852E9D8E267E23DA00F0E945 /* AddHabitView.swift in Sources */ = {isa = PBXBuildFile; fileRef = 852E9D8D267E23DA00F0E945 /* AddHabitView.swift */; };
		852E9D90267E23F800F0E945 /* HabitDetailsView.swift in Sources */ = {isa = PBXBuildFile; fileRef = 852E9D8F267E23F800F0E945 /* HabitDetailsView.swift */; };
		852E9D92267E2D8900F0E945 /* HabitTrackingViewModel.swift in Sources */ = {isa = PBXBuildFile; fileRef = 852E9D91267E2D8900F0E945 /* HabitTrackingViewModel.swift */; };
/* End PBXBuildFile section */

/* Begin PBXFileReference section */
		852E9D76267E1EA000F0E945 /* HabitTracker.app */ = {isa = PBXFileReference; explicitFileType = wrapper.application; includeInIndex = 0; path = HabitTracker.app; sourceTree = BUILT_PRODUCTS_DIR; };
		852E9D79267E1EA000F0E945 /* HabitTrackerApp.swift */ = {isa = PBXFileReference; lastKnownFileType = sourcecode.swift; path = HabitTrackerApp.swift; sourceTree = "<group>"; };
		852E9D7B267E1EA000F0E945 /* ContentView.swift */ = {isa = PBXFileReference; lastKnownFileType = sourcecode.swift; path = ContentView.swift; sourceTree = "<group>"; };
		852E9D7D267E1EA300F0E945 /* Assets.xcassets */ = {isa = PBXFileReference; lastKnownFileType = folder.assetcatalog; path = Assets.xcassets; sourceTree = "<group>"; };
		852E9D80267E1EA300F0E945 /* Preview Assets.xcassets */ = {isa = PBXFileReference; lastKnownFileType = folder.assetcatalog; path = "Preview Assets.xcassets"; sourceTree = "<group>"; };
		852E9D82267E1EA300F0E945 /* Info.plist */ = {isa = PBXFileReference; lastKnownFileType = text.plist.xml; path = Info.plist; sourceTree = "<group>"; };
		852E9D89267E231500F0E945 /* HabitModel.swift */ = {isa = PBXFileReference; lastKnownFileType = sourcecode.swift; path = HabitModel.swift; sourceTree = "<group>"; };
		852E9D8D267E23DA00F0E945 /* AddHabitView.swift */ = {isa = PBXFileReference; lastKnownFileType = sourcecode.swift; path = AddHabitView.swift; sourceTree = "<group>"; };
		852E9D8F267E23F800F0E945 /* HabitDetailsView.swift */ = {isa = PBXFileReference; lastKnownFileType = sourcecode.swift; path = HabitDetailsView.swift; sourceTree = "<group>"; };
		852E9D91267E2D8900F0E945 /* HabitTrackingViewModel.swift */ = {isa = PBXFileReference; lastKnownFileType = sourcecode.swift; path = HabitTrackingViewModel.swift; sourceTree = "<group>"; };
/* End PBXFileReference section */

/* Begin PBXFrameworksBuildPhase section */
		852E9D73267E1EA000F0E945 /* Frameworks */ = {
			isa = PBXFrameworksBuildPhase;
			buildActionMask = 2147483647;
			files = (
			);
			runOnlyForDeploymentPostprocessing = 0;
		};
/* End PBXFrameworksBuildPhase section */

/* Begin PBXGroup section */
		852E9D6D267E1EA000F0E945 = {
			isa = PBXGroup;
			children = (
				852E9D78267E1EA000F0E945 /* HabitTracker */,
				852E9D77267E1EA000F0E945 /* Products */,
			);
			sourceTree = "<group>";
		};
		852E9D77267E1EA000F0E945 /* Products */ = {
			isa = PBXGroup;
			children = (
				852E9D76267E1EA000F0E945 /* HabitTracker.app */,
			);
			name = Products;
			sourceTree = "<group>";
		};
		852E9D78267E1EA000F0E945 /* HabitTracker */ = {
			isa = PBXGroup;
			children = (
				852E9D88267E22FE00F0E945 /* Models */,
				852E9D8C267E238500F0E945 /* Views */,
				852E9D8B267E237F00F0E945 /* ViewModels */,
				852E9D79267E1EA000F0E945 /* HabitTrackerApp.swift */,
				852E9D7D267E1EA300F0E945 /* Assets.xcassets */,
				852E9D82267E1EA300F0E945 /* Info.plist */,
				852E9D7F267E1EA300F0E945 /* Preview Content */,
			);
			path = HabitTracker;
			sourceTree = "<group>";
		};
		852E9D7F267E1EA300F0E945 /* Preview Content */ = {
			isa = PBXGroup;
			children = (
				852E9D80267E1EA300F0E945 /* Preview Assets.xcassets */,
			);
			path = "Preview Content";
			sourceTree = "<group>";
		};
		852E9D88267E22FE00F0E945 /* Models */ = {
			isa = PBXGroup;
			children = (
				852E9D89267E231500F0E945 /* HabitModel.swift */,
			);
			path = Models;
			sourceTree = "<group>";
		};
		852E9D8B267E237F00F0E945 /* ViewModels */ = {
			isa = PBXGroup;
			children = (
				852E9D91267E2D8900F0E945 /* HabitTrackingViewModel.swift */,
			);
			path = ViewModels;
			sourceTree = "<group>";
		};
		852E9D8C267E238500F0E945 /* Views */ = {
			isa = PBXGroup;
			children = (
				852E9D7B267E1EA000F0E945 /* ContentView.swift */,
				852E9D8D267E23DA00F0E945 /* AddHabitView.swift */,
				852E9D8F267E23F800F0E945 /* HabitDetailsView.swift */,
			);
			path = Views;
			sourceTree = "<group>";
		};
/* End PBXGroup section */

/* Begin PBXNativeTarget section */
		852E9D75267E1EA000F0E945 /* HabitTracker */ = {
			isa = PBXNativeTarget;
			buildConfigurationList = 852E9D85267E1EA300F0E945 /* Build configuration list for PBXNativeTarget "HabitTracker" */;
			buildPhases = (
				852E9D72267E1EA000F0E945 /* Sources */,
				852E9D73267E1EA000F0E945 /* Frameworks */,
				852E9D74267E1EA000F0E945 /* Resources */,
			);
			buildRules = (
			);
			dependencies = (
			);
			name = HabitTracker;
			productName = HabitTracker;
			productReference = 852E9D76267E1EA000F0E945 /* HabitTracker.app */;
			productType = "com.apple.product-type.application";
		};
/* End PBXNativeTarget section */

/* Begin PBXProject section */
		852E9D6E267E1EA000F0E945 /* Project object */ = {
			isa = PBXProject;
			attributes = {
				LastSwiftUpdateCheck = 1250;
				LastUpgradeCheck = 1250;
				TargetAttributes = {
					852E9D75267E1EA000F0E945 = {
						CreatedOnToolsVersion = 12.5;
					};
				};
			};
			buildConfigurationList = 852E9D71267E1EA000F0E945 /* Build configuration list for PBXProject "HabitTracker" */;
			compatibilityVersion = "Xcode 9.3";
			developmentRegion = en;
			hasScannedForEncodings = 0;
			knownRegions = (
				en,
				Base,
			);
			mainGroup = 852E9D6D267E1EA000F0E945;
			productRefGroup = 852E9D77267E1EA000F0E945 /* Products */;
			projectDirPath = "";
			projectRoot = "";
			targets = (
				852E9D75267E1EA000F0E945 /* HabitTracker */,
			);
		};
/* End PBXProject section */

/* Begin PBXResourcesBuildPhase section */
		852E9D74267E1EA000F0E945 /* Resources */ = {
			isa = PBXResourcesBuildPhase;
			buildActionMask = 2147483647;
			files = (
				852E9D81267E1EA300F0E945 /* Preview Assets.xcassets in Resources */,
				852E9D7E267E1EA300F0E945 /* Assets.xcassets in Resources */,
			);
			runOnlyForDeploymentPostprocessing = 0;
		};
/* End PBXResourcesBuildPhase section */

/* Begin PBXSourcesBuildPhase section */
		852E9D72267E1EA000F0E945 /* Sources */ = {
			isa = PBXSourcesBuildPhase;
			buildActionMask = 2147483647;
			files = (
				852E9D92267E2D8900F0E945 /* HabitTrackingViewModel.swift in Sources */,
				852E9D8A267E231500F0E945 /* HabitModel.swift in Sources */,
				852E9D90267E23F800F0E945 /* HabitDetailsView.swift in Sources */,
				852E9D8E267E23DA00F0E945 /* AddHabitView.swift in Sources */,
				852E9D7C267E1EA000F0E945 /* ContentView.swift in Sources */,
				852E9D7A267E1EA000F0E945 /* HabitTrackerApp.swift in Sources */,
			);
			runOnlyForDeploymentPostprocessing = 0;
		};
/* End PBXSourcesBuildPhase section */

/* Begin XCBuildConfiguration section */
		852E9D83267E1EA300F0E945 /* Debug */ = {
			isa = XCBuildConfiguration;
			buildSettings = {
				ALWAYS_SEARCH_USER_PATHS = NO;
				CLANG_ANALYZER_NONNULL = YES;
				CLANG_ANALYZER_NUMBER_OBJECT_CONVERSION = YES_AGGRESSIVE;
				CLANG_CXX_LANGUAGE_STANDARD = "gnu++14";
				CLANG_CXX_LIBRARY = "libc++";
				CLANG_ENABLE_MODULES = YES;
				CLANG_ENABLE_OBJC_ARC = YES;
				CLANG_ENABLE_OBJC_WEAK = YES;
				CLANG_WARN_BLOCK_CAPTURE_AUTORELEASING = YES;
				CLANG_WARN_BOOL_CONVERSION = YES;
				CLANG_WARN_COMMA = YES;
				CLANG_WARN_CONSTANT_CONVERSION = YES;
				CLANG_WARN_DEPRECATED_OBJC_IMPLEMENTATIONS = YES;
				CLANG_WARN_DIRECT_OBJC_ISA_USAGE = YES_ERROR;
				CLANG_WARN_DOCUMENTATION_COMMENTS = YES;
				CLANG_WARN_EMPTY_BODY = YES;
				CLANG_WARN_ENUM_CONVERSION = YES;
				CLANG_WARN_INFINITE_RECURSION = YES;
				CLANG_WARN_INT_CONVERSION = YES;
				CLANG_WARN_NON_LITERAL_NULL_CONVERSION = YES;
				CLANG_WARN_OBJC_IMPLICIT_RETAIN_SELF = YES;
				CLANG_WARN_OBJC_LITERAL_CONVERSION = YES;
				CLANG_WARN_OBJC_ROOT_CLASS = YES_ERROR;
				CLANG_WARN_QUOTED_INCLUDE_IN_FRAMEWORK_HEADER = YES;
				CLANG_WARN_RANGE_LOOP_ANALYSIS = YES;
				CLANG_WARN_STRICT_PROTOTYPES = YES;
				CLANG_WARN_SUSPICIOUS_MOVE = YES;
				CLANG_WARN_UNGUARDED_AVAILABILITY = YES_AGGRESSIVE;
				CLANG_WARN_UNREACHABLE_CODE = YES;
				CLANG_WARN__DUPLICATE_METHOD_MATCH = YES;
				COPY_PHASE_STRIP = NO;
				DEBUG_INFORMATION_FORMAT = dwarf;
				ENABLE_STRICT_OBJC_MSGSEND = YES;
				ENABLE_TESTABILITY = YES;
				GCC_C_LANGUAGE_STANDARD = gnu11;
				GCC_DYNAMIC_NO_PIC = NO;
				GCC_NO_COMMON_BLOCKS = YES;
				GCC_OPTIMIZATION_LEVEL = 0;
				GCC_PREPROCESSOR_DEFINITIONS = (
					"DEBUG=1",
					"$(inherited)",
				);
				GCC_WARN_64_TO_32_BIT_CONVERSION = YES;
				GCC_WARN_ABOUT_RETURN_TYPE = YES_ERROR;
				GCC_WARN_UNDECLARED_SELECTOR = YES;
				GCC_WARN_UNINITIALIZED_AUTOS = YES_AGGRESSIVE;
				GCC_WARN_UNUSED_FUNCTION = YES;
				GCC_WARN_UNUSED_VARIABLE = YES;
				IPHONEOS_DEPLOYMENT_TARGET = 14.5;
				MTL_ENABLE_DEBUG_INFO = INCLUDE_SOURCE;
				MTL_FAST_MATH = YES;
				ONLY_ACTIVE_ARCH = YES;
				SDKROOT = iphoneos;
				SWIFT_ACTIVE_COMPILATION_CONDITIONS = DEBUG;
				SWIFT_OPTIMIZATION_LEVEL = "-Onone";
			};
			name = Debug;
		};
		852E9D84267E1EA300F0E945 /* Release */ = {
			isa = XCBuildConfiguration;
			buildSettings = {
				ALWAYS_SEARCH_USER_PATHS = NO;
				CLANG_ANALYZER_NONNULL = YES;
				CLANG_ANALYZER_NUMBER_OBJECT_CONVERSION = YES_AGGRESSIVE;
				CLANG_CXX_LANGUAGE_STANDARD = "gnu++14";
				CLANG_CXX_LIBRARY = "libc++";
				CLANG_ENABLE_MODULES = YES;
				CLANG_ENABLE_OBJC_ARC = YES;
				CLANG_ENABLE_OBJC_WEAK = YES;
				CLANG_WARN_BLOCK_CAPTURE_AUTORELEASING = YES;
				CLANG_WARN_BOOL_CONVERSION = YES;
				CLANG_WARN_COMMA = YES;
				CLANG_WARN_CONSTANT_CONVERSION = YES;
				CLANG_WARN_DEPRECATED_OBJC_IMPLEMENTATIONS = YES;
				CLANG_WARN_DIRECT_OBJC_ISA_USAGE = YES_ERROR;
				CLANG_WARN_DOCUMENTATION_COMMENTS = YES;
				CLANG_WARN_EMPTY_BODY = YES;
				CLANG_WARN_ENUM_CONVERSION = YES;
				CLANG_WARN_INFINITE_RECURSION = YES;
				CLANG_WARN_INT_CONVERSION = YES;
				CLANG_WARN_NON_LITERAL_NULL_CONVERSION = YES;
				CLANG_WARN_OBJC_IMPLICIT_RETAIN_SELF = YES;
				CLANG_WARN_OBJC_LITERAL_CONVERSION = YES;
				CLANG_WARN_OBJC_ROOT_CLASS = YES_ERROR;
				CLANG_WARN_QUOTED_INCLUDE_IN_FRAMEWORK_HEADER = YES;
				CLANG_WARN_RANGE_LOOP_ANALYSIS = YES;
				CLANG_WARN_STRICT_PROTOTYPES = YES;
				CLANG_WARN_SUSPICIOUS_MOVE = YES;
				CLANG_WARN_UNGUARDED_AVAILABILITY = YES_AGGRESSIVE;
				CLANG_WARN_UNREACHABLE_CODE = YES;
				CLANG_WARN__DUPLICATE_METHOD_MATCH = YES;
				COPY_PHASE_STRIP = NO;
				DEBUG_INFORMATION_FORMAT = "dwarf-with-dsym";
				ENABLE_NS_ASSERTIONS = NO;
				ENABLE_STRICT_OBJC_MSGSEND = YES;
				GCC_C_LANGUAGE_STANDARD = gnu11;
				GCC_NO_COMMON_BLOCKS = YES;
				GCC_WARN_64_TO_32_BIT_CONVERSION = YES;
				GCC_WARN_ABOUT_RETURN_TYPE = YES_ERROR;
				GCC_WARN_UNDECLARED_SELECTOR = YES;
				GCC_WARN_UNINITIALIZED_AUTOS = YES_AGGRESSIVE;
				GCC_WARN_UNUSED_FUNCTION = YES;
				GCC_WARN_UNUSED_VARIABLE = YES;
				IPHONEOS_DEPLOYMENT_TARGET = 14.5;
				MTL_ENABLE_DEBUG_INFO = NO;
				MTL_FAST_MATH = YES;
				SDKROOT = iphoneos;
				SWIFT_COMPILATION_MODE = wholemodule;
				SWIFT_OPTIMIZATION_LEVEL = "-O";
				VALIDATE_PRODUCT = YES;
			};
			name = Release;
		};
		852E9D86267E1EA300F0E945 /* Debug */ = {
			isa = XCBuildConfiguration;
			buildSettings = {
				ASSETCATALOG_COMPILER_APPICON_NAME = AppIcon;
				ASSETCATALOG_COMPILER_GLOBAL_ACCENT_COLOR_NAME = AccentColor;
				CODE_SIGN_STYLE = Automatic;
				DEVELOPMENT_ASSET_PATHS = "\"HabitTracker/Preview Content\"";
				DEVELOPMENT_TEAM = T9DDB4H4HQ;
				ENABLE_PREVIEWS = YES;
				INFOPLIST_FILE = HabitTracker/Info.plist;
				IPHONEOS_DEPLOYMENT_TARGET = 14.0;
				LD_RUNPATH_SEARCH_PATHS = (
					"$(inherited)",
					"@executable_path/Frameworks",
				);
				PRODUCT_BUNDLE_IDENTIFIER = com.atinagnihotri.HabitTracker;
				PRODUCT_NAME = "$(TARGET_NAME)";
				SWIFT_VERSION = 5.0;
				TARGETED_DEVICE_FAMILY = "1,2";
			};
			name = Debug;
		};
		852E9D87267E1EA300F0E945 /* Release */ = {
			isa = XCBuildConfiguration;
			buildSettings = {
				ASSETCATALOG_COMPILER_APPICON_NAME = AppIcon;
				ASSETCATALOG_COMPILER_GLOBAL_ACCENT_COLOR_NAME = AccentColor;
				CODE_SIGN_STYLE = Automatic;
				DEVELOPMENT_ASSET_PATHS = "\"HabitTracker/Preview Content\"";
				DEVELOPMENT_TEAM = T9DDB4H4HQ;
				ENABLE_PREVIEWS = YES;
				INFOPLIST_FILE = HabitTracker/Info.plist;
				IPHONEOS_DEPLOYMENT_TARGET = 14.0;
				LD_RUNPATH_SEARCH_PATHS = (
					"$(inherited)",
					"@executable_path/Frameworks",
				);
				PRODUCT_BUNDLE_IDENTIFIER = com.atinagnihotri.HabitTracker;
				PRODUCT_NAME = "$(TARGET_NAME)";
				SWIFT_VERSION = 5.0;
				TARGETED_DEVICE_FAMILY = "1,2";
			};
			name = Release;
		};
/* End XCBuildConfiguration section */

/* Begin XCConfigurationList section */
		852E9D71267E1EA000F0E945 /* Build configuration list for PBXProject "HabitTracker" */ = {
			isa = XCConfigurationList;
			buildConfigurations = (
				852E9D83267E1EA300F0E945 /* Debug */,
				852E9D84267E1EA300F0E945 /* Release */,
			);
			defaultConfigurationIsVisible = 0;
			defaultConfigurationName = Release;
		};
		852E9D85267E1EA300F0E945 /* Build configuration list for PBXNativeTarget "HabitTracker" */ = {
			isa = XCConfigurationList;
			buildConfigurations = (
				852E9D86267E1EA300F0E945 /* Debug */,
				852E9D87267E1EA300F0E945 /* Release */,
			);
			defaultConfigurationIsVisible = 0;
			defaultConfigurationName = Release;
		};
/* End XCConfigurationList section */
	};
	rootObject = 852E9D6E267E1EA000F0E945 /* Project object */;
}
